rsc.io/omap v1.0.0 h1:pu8YedaKYOiFfbVQ1E/X06b+ogVOy8FkBVY7EUgbOk8=
rsc.io/omap v1.0.0/go.mod h1:TOOWGarASN2U4pZItWXrooZiFrRiEZTZ8pEXpL5aPho=
rsc.io/ordered v1.1.0 h1:9U9go719kAa92IjYlnBFNjg2HKuVBflx8Y6gkv8kcvw=
rsc.io/ordered v1.1.0/go.mod h1:evAi8739bWVBRG9aaufsjVc202+6okf8u2QeVL84BCM=
rsc.io/top v1.0.2 h1:UEfowYYaJj6zF6Qv7CKOnsUCyxhSopoR1Uoi/HwfLn4=
rsc.io/top v1.0.2/go.mod h1:/eug4tP/rUnl5Dox3aSZgdLKwMPAtWhJGE/eFY/2fNc=
